
Microsoft Visual Studio Solution File, Format Version 12.00
# Visual Studio Version 17
VisualStudioVersion = 17.7.34221.43
MinimumVisualStudioVersion = 10.0.40219.1
Project("{FAE04EC0-301F-11D3-BF4B-00C04F79EFBC}") = "LW_10", "LW_10\LW_10.csproj", "{2440149B-EA5E-4C20-8761-A68886E4C7FD}"
EndProject
Global
	GlobalSection(SolutionConfigurationPlatforms) = preSolution
		Debug|Any CPU = Debug|Any CPU
		Release|Any CPU = Release|Any CPU
	EndGlobalSection
	GlobalSection(ProjectConfigurationPlatforms) = postSolution
		{2440149B-EA5E-4C20-8761-A68886E4C7FD}.Debug|Any CPU.ActiveCfg = Debug|Any CPU
		{2440149B-EA5E-4C20-8761-A68886E4C7FD}.Debug|Any CPU.Build.0 = Debug|Any CPU
		{2440149B-EA5E-4C20-8761-A68886E4C7FD}.Release|Any CPU.ActiveCfg = Release|Any CPU
		{2440149B-EA5E-4C20-8761-A68886E4C7FD}.Release|Any CPU.Build.0 = Release|Any CPU
	EndGlobalSection
	GlobalSection(SolutionProperties) = preSolution
		HideSolutionNode = FALSE
	EndGlobalSection
	GlobalSection(ExtensibilityGlobals) = postSolution
		SolutionGuid = {0A585B18-D86D-4F49-99FE-BB141D0D64A1}
	EndGlobalSection
EndGlobal
