
Microsoft Visual Studio Solution File, Format Version 12.00
# Visual Studio Version 17
VisualStudioVersion = 17.6.33717.318
MinimumVisualStudioVersion = 10.0.40219.1
Project("{FAE04EC0-301F-11D3-BF4B-00C04F79EFBC}") = "ConsoleApp", "ConsoleApp.csproj", "{FE45BBCB-AD66-4E23-A3E3-6164392EB3F0}"
EndProject
Global
	GlobalSection(SolutionConfigurationPlatforms) = preSolution
		Debug|Any CPU = Debug|Any CPU
		Release|Any CPU = Release|Any CPU
	EndGlobalSection
	GlobalSection(ProjectConfigurationPlatforms) = postSolution
		{FE45BBCB-AD66-4E23-A3E3-6164392EB3F0}.Debug|Any CPU.ActiveCfg = Debug|Any CPU
		{FE45BBCB-AD66-4E23-A3E3-6164392EB3F0}.Debug|Any CPU.Build.0 = Debug|Any CPU
		{FE45BBCB-AD66-4E23-A3E3-6164392EB3F0}.Release|Any CPU.ActiveCfg = Release|Any CPU
		{FE45BBCB-AD66-4E23-A3E3-6164392EB3F0}.Release|Any CPU.Build.0 = Release|Any CPU
	EndGlobalSection
	GlobalSection(SolutionProperties) = preSolution
		HideSolutionNode = FALSE
	EndGlobalSection
	GlobalSection(ExtensibilityGlobals) = postSolution
		SolutionGuid = {878AB1AC-AA9C-4207-8EE3-E8F2DE4DCBF6}
	EndGlobalSection
EndGlobal
