
Microsoft Visual Studio Solution File, Format Version 12.00
# Visual Studio Version 17
VisualStudioVersion = 17.4.33403.182
MinimumVisualStudioVersion = 10.0.40219.1
Project("{FAE04EC0-301F-11D3-BF4B-00C04F79EFBC}") = "7 лаба консоль", "7 лаба консоль\7 лаба консоль.csproj", "{F307FC10-F77E-47E9-86E0-50C9EDE8E12E}"
EndProject
Global
	GlobalSection(SolutionConfigurationPlatforms) = preSolution
		Debug|Any CPU = Debug|Any CPU
		Release|Any CPU = Release|Any CPU
	EndGlobalSection
	GlobalSection(ProjectConfigurationPlatforms) = postSolution
		{F307FC10-F77E-47E9-86E0-50C9EDE8E12E}.Debug|Any CPU.ActiveCfg = Debug|Any CPU
		{F307FC10-F77E-47E9-86E0-50C9EDE8E12E}.Debug|Any CPU.Build.0 = Debug|Any CPU
		{F307FC10-F77E-47E9-86E0-50C9EDE8E12E}.Release|Any CPU.ActiveCfg = Release|Any CPU
		{F307FC10-F77E-47E9-86E0-50C9EDE8E12E}.Release|Any CPU.Build.0 = Release|Any CPU
	EndGlobalSection
	GlobalSection(SolutionProperties) = preSolution
		HideSolutionNode = FALSE
	EndGlobalSection
	GlobalSection(ExtensibilityGlobals) = postSolution
		SolutionGuid = {92C2036C-EEED-4EAE-B443-75EF19C5ADA3}
	EndGlobalSection
EndGlobal
