
Microsoft Visual Studio Solution File, Format Version 12.00
# Visual Studio Version 17
VisualStudioVersion = 17.7.34221.43
MinimumVisualStudioVersion = 10.0.40219.1
Project("{FAE04EC0-301F-11D3-BF4B-00C04F79EFBC}") = "LW_12", "LW_12\LW_12.csproj", "{59388739-486E-493C-BA1F-493EDC44BBA1}"
EndProject
Global
	GlobalSection(SolutionConfigurationPlatforms) = preSolution
		Debug|Any CPU = Debug|Any CPU
		Release|Any CPU = Release|Any CPU
	EndGlobalSection
	GlobalSection(ProjectConfigurationPlatforms) = postSolution
		{59388739-486E-493C-BA1F-493EDC44BBA1}.Debug|Any CPU.ActiveCfg = Debug|Any CPU
		{59388739-486E-493C-BA1F-493EDC44BBA1}.Debug|Any CPU.Build.0 = Debug|Any CPU
		{59388739-486E-493C-BA1F-493EDC44BBA1}.Release|Any CPU.ActiveCfg = Release|Any CPU
		{59388739-486E-493C-BA1F-493EDC44BBA1}.Release|Any CPU.Build.0 = Release|Any CPU
	EndGlobalSection
	GlobalSection(SolutionProperties) = preSolution
		HideSolutionNode = FALSE
	EndGlobalSection
	GlobalSection(ExtensibilityGlobals) = postSolution
		SolutionGuid = {7C2A2ADA-7A06-431D-AD1E-514AC67881CF}
	EndGlobalSection
EndGlobal
