
Microsoft Visual Studio Solution File, Format Version 12.00
# Visual Studio Version 17
VisualStudioVersion = 17.4.33403.182
MinimumVisualStudioVersion = 10.0.40219.1
Project("{FAE04EC0-301F-11D3-BF4B-00C04F79EFBC}") = "laba", "laba\laba.csproj", "{CC1609BB-FAF8-4E5E-B85A-D0765F02ADEC}"
EndProject
Global
	GlobalSection(SolutionConfigurationPlatforms) = preSolution
		Debug|Any CPU = Debug|Any CPU
		Release|Any CPU = Release|Any CPU
	EndGlobalSection
	GlobalSection(ProjectConfigurationPlatforms) = postSolution
		{CC1609BB-FAF8-4E5E-B85A-D0765F02ADEC}.Debug|Any CPU.ActiveCfg = Debug|Any CPU
		{CC1609BB-FAF8-4E5E-B85A-D0765F02ADEC}.Debug|Any CPU.Build.0 = Debug|Any CPU
		{CC1609BB-FAF8-4E5E-B85A-D0765F02ADEC}.Release|Any CPU.ActiveCfg = Release|Any CPU
		{CC1609BB-FAF8-4E5E-B85A-D0765F02ADEC}.Release|Any CPU.Build.0 = Release|Any CPU
	EndGlobalSection
	GlobalSection(SolutionProperties) = preSolution
		HideSolutionNode = FALSE
	EndGlobalSection
	GlobalSection(ExtensibilityGlobals) = postSolution
		SolutionGuid = {E9573F56-4E69-4E42-9398-B0EFE8FEB61A}
	EndGlobalSection
EndGlobal
